
Microsoft Visual Studio Solution File, Format Version 12.00
# Visual Studio Version 17
VisualStudioVersion = 17.14.36212.18 d17.14
MinimumVisualStudioVersion = 10.0.40219.1
Project("{FAE04EC0-301F-11D3-BF4B-00C04F79EFBC}") = "CodeFirstWithDataAnnotations", "CodeFirstWithDataAnnotations.csproj", "{F7D2B4B6-6FA0-4AC1-824E-A0F5FCCCF548}"
EndProject
Global
	GlobalSection(SolutionConfigurationPlatforms) = preSolution
		Debug|Any CPU = Debug|Any CPU
		Release|Any CPU = Release|Any CPU
	EndGlobalSection
	GlobalSection(ProjectConfigurationPlatforms) = postSolution
		{F7D2B4B6-6FA0-4AC1-824E-A0F5FCCCF548}.Debug|Any CPU.ActiveCfg = Debug|Any CPU
		{F7D2B4B6-6FA0-4AC1-824E-A0F5FCCCF548}.Debug|Any CPU.Build.0 = Debug|Any CPU
		{F7D2B4B6-6FA0-4AC1-824E-A0F5FCCCF548}.Release|Any CPU.ActiveCfg = Release|Any CPU
		{F7D2B4B6-6FA0-4AC1-824E-A0F5FCCCF548}.Release|Any CPU.Build.0 = Release|Any CPU
	EndGlobalSection
	GlobalSection(SolutionProperties) = preSolution
		HideSolutionNode = FALSE
	EndGlobalSection
	GlobalSection(ExtensibilityGlobals) = postSolution
		SolutionGuid = {EBCEC05F-21AD-4835-9056-6C2930662879}
	EndGlobalSection
EndGlobal
