
Microsoft Visual Studio Solution File, Format Version 12.00
# Visual Studio Version 17
VisualStudioVersion = 17.14.36203.30
MinimumVisualStudioVersion = 10.0.40219.1
Project("{FAE04EC0-301F-11D3-BF4B-00C04F79EFBC}") = "ExceptionHandling2", "ExceptionHandling2\ExceptionHandling2.csproj", "{63756449-679F-4C0F-ACAC-F7998DAAB6E1}"
EndProject
Project("{FAE04EC0-301F-11D3-BF4B-00C04F79EFBC}") = "EventHandling", "EventHandling\EventHandling.csproj", "{F78316A9-52A3-48CA-86BA-DEE5A6D99608}"
EndProject
Project("{FAE04EC0-301F-11D3-BF4B-00C04F79EFBC}") = "ExtensionMethods", "ExtensionMethods\ExtensionMethods.csproj", "{E3EDEB9B-8BBE-44A4-98D3-A158EB0CBD2F}"
EndProject
Project("{FAE04EC0-301F-11D3-BF4B-00C04F79EFBC}") = "WinFormsApp1", "WinFormsApp1\WinFormsApp1.csproj", "{6E578627-7BF3-4B71-8FF9-A46B91B5E0B8}"
EndProject
Project("{FAE04EC0-301F-11D3-BF4B-00C04F79EFBC}") = "LanguageFeatures", "LanguageFeatures\LanguageFeatures.csproj", "{F9738C5C-50B9-454D-829D-BAA9F0887C23}"
EndProject
Global
	GlobalSection(SolutionConfigurationPlatforms) = preSolution
		Debug|Any CPU = Debug|Any CPU
		Release|Any CPU = Release|Any CPU
	EndGlobalSection
	GlobalSection(ProjectConfigurationPlatforms) = postSolution
		{63756449-679F-4C0F-ACAC-F7998DAAB6E1}.Debug|Any CPU.ActiveCfg = Debug|Any CPU
		{63756449-679F-4C0F-ACAC-F7998DAAB6E1}.Debug|Any CPU.Build.0 = Debug|Any CPU
		{63756449-679F-4C0F-ACAC-F7998DAAB6E1}.Release|Any CPU.ActiveCfg = Release|Any CPU
		{63756449-679F-4C0F-ACAC-F7998DAAB6E1}.Release|Any CPU.Build.0 = Release|Any CPU
		{F78316A9-52A3-48CA-86BA-DEE5A6D99608}.Debug|Any CPU.ActiveCfg = Debug|Any CPU
		{F78316A9-52A3-48CA-86BA-DEE5A6D99608}.Debug|Any CPU.Build.0 = Debug|Any CPU
		{F78316A9-52A3-48CA-86BA-DEE5A6D99608}.Release|Any CPU.ActiveCfg = Release|Any CPU
		{F78316A9-52A3-48CA-86BA-DEE5A6D99608}.Release|Any CPU.Build.0 = Release|Any CPU
		{E3EDEB9B-8BBE-44A4-98D3-A158EB0CBD2F}.Debug|Any CPU.ActiveCfg = Debug|Any CPU
		{E3EDEB9B-8BBE-44A4-98D3-A158EB0CBD2F}.Debug|Any CPU.Build.0 = Debug|Any CPU
		{E3EDEB9B-8BBE-44A4-98D3-A158EB0CBD2F}.Release|Any CPU.ActiveCfg = Release|Any CPU
		{E3EDEB9B-8BBE-44A4-98D3-A158EB0CBD2F}.Release|Any CPU.Build.0 = Release|Any CPU
		{6E578627-7BF3-4B71-8FF9-A46B91B5E0B8}.Debug|Any CPU.ActiveCfg = Debug|Any CPU
		{6E578627-7BF3-4B71-8FF9-A46B91B5E0B8}.Debug|Any CPU.Build.0 = Debug|Any CPU
		{6E578627-7BF3-4B71-8FF9-A46B91B5E0B8}.Release|Any CPU.ActiveCfg = Release|Any CPU
		{6E578627-7BF3-4B71-8FF9-A46B91B5E0B8}.Release|Any CPU.Build.0 = Release|Any CPU
		{F9738C5C-50B9-454D-829D-BAA9F0887C23}.Debug|Any CPU.ActiveCfg = Debug|Any CPU
		{F9738C5C-50B9-454D-829D-BAA9F0887C23}.Debug|Any CPU.Build.0 = Debug|Any CPU
		{F9738C5C-50B9-454D-829D-BAA9F0887C23}.Release|Any CPU.ActiveCfg = Release|Any CPU
		{F9738C5C-50B9-454D-829D-BAA9F0887C23}.Release|Any CPU.Build.0 = Release|Any CPU
	EndGlobalSection
	GlobalSection(SolutionProperties) = preSolution
		HideSolutionNode = FALSE
	EndGlobalSection
	GlobalSection(ExtensibilityGlobals) = postSolution
		SolutionGuid = {49748D3C-07FF-4AC9-B952-56A0F4F6143F}
	EndGlobalSection
EndGlobal
